
Microsoft Visual Studio Solution File, Format Version 11.00
# Visual Studio 2010
Project("{FAE04EC0-301F-11D3-BF4B-00C04F79EFBC}") = "Fungus", "Fungus.csproj", "{24EB482B-AA61-4045-09EE-B1F924A82A55}"
EndProject
Project("{FAE04EC0-301F-11D3-BF4B-00C04F79EFBC}") = "Assembly-CSharp", "Assembly-CSharp.csproj", "{32C3BDE6-E125-3128-82C1-25D0441455A3}"
EndProject
Project("{FAE04EC0-301F-11D3-BF4B-00C04F79EFBC}") = "FungusEditor", "FungusEditor.csproj", "{B3F1895D-2DCD-E0C2-289F-EB6FCA2BB5AD}"
EndProject
Project("{FAE04EC0-301F-11D3-BF4B-00C04F79EFBC}") = "Fungus.FungusLuaJSONCheckerEditor", "Fungus.FungusLuaJSONCheckerEditor.csproj", "{C4D95522-09C7-E514-852B-7DDF9383531F}"
EndProject
Project("{FAE04EC0-301F-11D3-BF4B-00C04F79EFBC}") = "Fungus.FungusLuaEditor", "Fungus.FungusLuaEditor.csproj", "{B65CD506-C7E2-9502-08BA-89692BE00DF6}"
EndProject
Project("{FAE04EC0-301F-11D3-BF4B-00C04F79EFBC}") = "Fungus.UsfxrEditor", "Fungus.UsfxrEditor.csproj", "{79B079BD-0EB1-0DD2-42FC-A70C1D2E151D}"
EndProject
Project("{FAE04EC0-301F-11D3-BF4B-00C04F79EFBC}") = "Fungus.LineEndingsEditor", "Fungus.LineEndingsEditor.csproj", "{A51A4A21-25EC-165A-8767-417B9145F70C}"
EndProject
Global
	GlobalSection(SolutionConfigurationPlatforms) = preSolution
		Debug|Any CPU = Debug|Any CPU
		Release|Any CPU = Release|Any CPU
	EndGlobalSection
	GlobalSection(ProjectConfigurationPlatforms) = postSolution
		{24EB482B-AA61-4045-09EE-B1F924A82A55}.Debug|Any CPU.ActiveCfg = Debug|Any CPU
		{24EB482B-AA61-4045-09EE-B1F924A82A55}.Debug|Any CPU.Build.0 = Debug|Any CPU
		{24EB482B-AA61-4045-09EE-B1F924A82A55}.Release|Any CPU.ActiveCfg = Release|Any CPU
		{24EB482B-AA61-4045-09EE-B1F924A82A55}.Release|Any CPU.Build.0 = Release|Any CPU
		{32C3BDE6-E125-3128-82C1-25D0441455A3}.Debug|Any CPU.ActiveCfg = Debug|Any CPU
		{32C3BDE6-E125-3128-82C1-25D0441455A3}.Debug|Any CPU.Build.0 = Debug|Any CPU
		{32C3BDE6-E125-3128-82C1-25D0441455A3}.Release|Any CPU.ActiveCfg = Release|Any CPU
		{32C3BDE6-E125-3128-82C1-25D0441455A3}.Release|Any CPU.Build.0 = Release|Any CPU
		{B3F1895D-2DCD-E0C2-289F-EB6FCA2BB5AD}.Debug|Any CPU.ActiveCfg = Debug|Any CPU
		{B3F1895D-2DCD-E0C2-289F-EB6FCA2BB5AD}.Debug|Any CPU.Build.0 = Debug|Any CPU
		{B3F1895D-2DCD-E0C2-289F-EB6FCA2BB5AD}.Release|Any CPU.ActiveCfg = Release|Any CPU
		{B3F1895D-2DCD-E0C2-289F-EB6FCA2BB5AD}.Release|Any CPU.Build.0 = Release|Any CPU
		{C4D95522-09C7-E514-852B-7DDF9383531F}.Debug|Any CPU.ActiveCfg = Debug|Any CPU
		{C4D95522-09C7-E514-852B-7DDF9383531F}.Debug|Any CPU.Build.0 = Debug|Any CPU
		{C4D95522-09C7-E514-852B-7DDF9383531F}.Release|Any CPU.ActiveCfg = Release|Any CPU
		{C4D95522-09C7-E514-852B-7DDF9383531F}.Release|Any CPU.Build.0 = Release|Any CPU
		{B65CD506-C7E2-9502-08BA-89692BE00DF6}.Debug|Any CPU.ActiveCfg = Debug|Any CPU
		{B65CD506-C7E2-9502-08BA-89692BE00DF6}.Debug|Any CPU.Build.0 = Debug|Any CPU
		{B65CD506-C7E2-9502-08BA-89692BE00DF6}.Release|Any CPU.ActiveCfg = Release|Any CPU
		{B65CD506-C7E2-9502-08BA-89692BE00DF6}.Release|Any CPU.Build.0 = Release|Any CPU
		{79B079BD-0EB1-0DD2-42FC-A70C1D2E151D}.Debug|Any CPU.ActiveCfg = Debug|Any CPU
		{79B079BD-0EB1-0DD2-42FC-A70C1D2E151D}.Debug|Any CPU.Build.0 = Debug|Any CPU
		{79B079BD-0EB1-0DD2-42FC-A70C1D2E151D}.Release|Any CPU.ActiveCfg = Release|Any CPU
		{79B079BD-0EB1-0DD2-42FC-A70C1D2E151D}.Release|Any CPU.Build.0 = Release|Any CPU
		{A51A4A21-25EC-165A-8767-417B9145F70C}.Debug|Any CPU.ActiveCfg = Debug|Any CPU
		{A51A4A21-25EC-165A-8767-417B9145F70C}.Debug|Any CPU.Build.0 = Debug|Any CPU
		{A51A4A21-25EC-165A-8767-417B9145F70C}.Release|Any CPU.ActiveCfg = Release|Any CPU
		{A51A4A21-25EC-165A-8767-417B9145F70C}.Release|Any CPU.Build.0 = Release|Any CPU
	EndGlobalSection
	GlobalSection(SolutionProperties) = preSolution
		HideSolutionNode = FALSE
	EndGlobalSection
EndGlobal
